
Microsoft Visual Studio Solution File, Format Version 12.00
# Visual Studio 2012
Project("{FAE04EC0-301F-11D3-BF4B-00C04F79EFBC}") = "BitTorrent", "BitTorrent\BitTorrent.csproj", "{33B430EF-8CD3-4F6E-83C9-506C57123D3C}"
EndProject
Project("{FAE04EC0-301F-11D3-BF4B-00C04F79EFBC}") = "Client", "Client\Client.csproj", "{F77B5BF9-AE6C-4AA2-987F-D5E50E303629}"
EndProject
Project("{FAE04EC0-301F-11D3-BF4B-00C04F79EFBC}") = "MscUtil.Conversions", "MscUtil.Conversions\MscUtil.Conversions.csproj", "{FF9532BF-73E8-43DD-9F65-F5F09F410582}"
EndProject
Global
	GlobalSection(SolutionConfigurationPlatforms) = preSolution
		Debug|x86 = Debug|x86
		Release|x86 = Release|x86
	EndGlobalSection
	GlobalSection(ProjectConfigurationPlatforms) = postSolution
		{33B430EF-8CD3-4F6E-83C9-506C57123D3C}.Debug|x86.ActiveCfg = Debug|x86
		{33B430EF-8CD3-4F6E-83C9-506C57123D3C}.Debug|x86.Build.0 = Debug|x86
		{33B430EF-8CD3-4F6E-83C9-506C57123D3C}.Release|x86.ActiveCfg = Release|x86
		{33B430EF-8CD3-4F6E-83C9-506C57123D3C}.Release|x86.Build.0 = Release|x86
		{F77B5BF9-AE6C-4AA2-987F-D5E50E303629}.Debug|x86.ActiveCfg = Debug|x86
		{F77B5BF9-AE6C-4AA2-987F-D5E50E303629}.Debug|x86.Build.0 = Debug|x86
		{F77B5BF9-AE6C-4AA2-987F-D5E50E303629}.Release|x86.ActiveCfg = Release|x86
		{F77B5BF9-AE6C-4AA2-987F-D5E50E303629}.Release|x86.Build.0 = Release|x86
		{FF9532BF-73E8-43DD-9F65-F5F09F410582}.Debug|x86.ActiveCfg = Debug|x86
		{FF9532BF-73E8-43DD-9F65-F5F09F410582}.Debug|x86.Build.0 = Debug|x86
		{FF9532BF-73E8-43DD-9F65-F5F09F410582}.Release|x86.ActiveCfg = Release|x86
		{FF9532BF-73E8-43DD-9F65-F5F09F410582}.Release|x86.Build.0 = Release|x86
	EndGlobalSection
EndGlobal
